
Microsoft Visual Studio Solution File, Format Version 12.00
# Visual Studio Version 16
VisualStudioVersion = 16.0.30804.86
MinimumVisualStudioVersion = 10.0.40219.1
Project("{FAE04EC0-301F-11D3-BF4B-00C04F79EFBC}") = "Assignment_5_IS413", "Assignment_5_IS413.csproj", "{31A74D07-91D5-42EF-98FB-D890AFF0BF81}"
EndProject
Global
	GlobalSection(SolutionConfigurationPlatforms) = preSolution
		Debug|Any CPU = Debug|Any CPU
		Release|Any CPU = Release|Any CPU
	EndGlobalSection
	GlobalSection(ProjectConfigurationPlatforms) = postSolution
		{31A74D07-91D5-42EF-98FB-D890AFF0BF81}.Debug|Any CPU.ActiveCfg = Debug|Any CPU
		{31A74D07-91D5-42EF-98FB-D890AFF0BF81}.Debug|Any CPU.Build.0 = Debug|Any CPU
		{31A74D07-91D5-42EF-98FB-D890AFF0BF81}.Release|Any CPU.ActiveCfg = Release|Any CPU
		{31A74D07-91D5-42EF-98FB-D890AFF0BF81}.Release|Any CPU.Build.0 = Release|Any CPU
	EndGlobalSection
	GlobalSection(SolutionProperties) = preSolution
		HideSolutionNode = FALSE
	EndGlobalSection
	GlobalSection(ExtensibilityGlobals) = postSolution
		SolutionGuid = {1DB35119-020E-48D5-850D-1C79B9800DC1}
	EndGlobalSection
EndGlobal
